
Microsoft Visual Studio Solution File, Format Version 12.00
# Visual Studio 14
VisualStudioVersion = 14.0.25123.0
MinimumVisualStudioVersion = 10.0.40219.1
Project("{FAE04EC0-301F-11D3-BF4B-00C04F79EFBC}") = "SportsStore.Domain", "SportsStore.Domain\SportsStore.Domain.csproj", "{ED89E783-B3EA-4632-8612-2F3DF8C9031C}"
EndProject
Project("{FAE04EC0-301F-11D3-BF4B-00C04F79EFBC}") = "SportsStore.WebUI", "SportsStore.WebUI\SportsStore.WebUI.csproj", "{BAF39F88-A79F-4611-BAB9-6E92CDD32CE5}"
EndProject
Project("{FAE04EC0-301F-11D3-BF4B-00C04F79EFBC}") = "SportsStore.UnitTests", "SportsStore.UnitTests\SportsStore.UnitTests.csproj", "{A91093F0-1FE6-42DC-A64E-4989317AFBB3}"
EndProject
Global
	GlobalSection(SolutionConfigurationPlatforms) = preSolution
		Debug|Any CPU = Debug|Any CPU
		Release|Any CPU = Release|Any CPU
	EndGlobalSection
	GlobalSection(ProjectConfigurationPlatforms) = postSolution
		{ED89E783-B3EA-4632-8612-2F3DF8C9031C}.Debug|Any CPU.ActiveCfg = Debug|Any CPU
		{ED89E783-B3EA-4632-8612-2F3DF8C9031C}.Debug|Any CPU.Build.0 = Debug|Any CPU
		{ED89E783-B3EA-4632-8612-2F3DF8C9031C}.Release|Any CPU.ActiveCfg = Release|Any CPU
		{ED89E783-B3EA-4632-8612-2F3DF8C9031C}.Release|Any CPU.Build.0 = Release|Any CPU
		{BAF39F88-A79F-4611-BAB9-6E92CDD32CE5}.Debug|Any CPU.ActiveCfg = Debug|Any CPU
		{BAF39F88-A79F-4611-BAB9-6E92CDD32CE5}.Debug|Any CPU.Build.0 = Debug|Any CPU
		{BAF39F88-A79F-4611-BAB9-6E92CDD32CE5}.Release|Any CPU.ActiveCfg = Release|Any CPU
		{BAF39F88-A79F-4611-BAB9-6E92CDD32CE5}.Release|Any CPU.Build.0 = Release|Any CPU
		{A91093F0-1FE6-42DC-A64E-4989317AFBB3}.Debug|Any CPU.ActiveCfg = Debug|Any CPU
		{A91093F0-1FE6-42DC-A64E-4989317AFBB3}.Debug|Any CPU.Build.0 = Debug|Any CPU
		{A91093F0-1FE6-42DC-A64E-4989317AFBB3}.Release|Any CPU.ActiveCfg = Release|Any CPU
		{A91093F0-1FE6-42DC-A64E-4989317AFBB3}.Release|Any CPU.Build.0 = Release|Any CPU
	EndGlobalSection
	GlobalSection(SolutionProperties) = preSolution
		HideSolutionNode = FALSE
	EndGlobalSection
EndGlobal
